// !$*UTF8*$!
{
	archiveVersion = 1;
	classes = {
	};
	objectVersion = 46;
	objects = {

/* Begin PBXBuildFile section */
		8304FC6E1519A92F008B2334 /* Food.m in Sources */ = {isa = PBXBuildFile; fileRef = 8304FC6D1519A92E008B2334 /* Food.m */; };
		83B9EBB91518288B00718F02 /* Cocoa.framework in Frameworks */ = {isa = PBXBuildFile; fileRef = 83B9EBB81518288B00718F02 /* Cocoa.framework */; };
		83B9EBC31518288B00718F02 /* InfoPlist.strings in Resources */ = {isa = PBXBuildFile; fileRef = 83B9EBC11518288B00718F02 /* InfoPlist.strings */; };
		83B9EBC51518288B00718F02 /* main.m in Sources */ = {isa = PBXBuildFile; fileRef = 83B9EBC41518288B00718F02 /* main.m */; };
		83B9EBC91518288B00718F02 /* Credits.rtf in Resources */ = {isa = PBXBuildFile; fileRef = 83B9EBC71518288B00718F02 /* Credits.rtf */; };
		83B9EBCC1518288B00718F02 /* AppDelegate.m in Sources */ = {isa = PBXBuildFile; fileRef = 83B9EBCB1518288B00718F02 /* AppDelegate.m */; };
		83B9EBCF1518288C00718F02 /* MainMenu.xib in Resources */ = {isa = PBXBuildFile; fileRef = 83B9EBCD1518288C00718F02 /* MainMenu.xib */; };
		83B9EBD71518337700718F02 /* SnakeView.m in Sources */ = {isa = PBXBuildFile; fileRef = 83B9EBD61518337700718F02 /* SnakeView.m */; };
		83B9EBDE1518729A00718F02 /* Snake.m in Sources */ = {isa = PBXBuildFile; fileRef = 83B9EBDD1518729A00718F02 /* Snake.m */; };
		A96756C21519B88C000213D4 /* map.txt in Resources */ = {isa = PBXBuildFile; fileRef = A96756C11519B88C000213D4 /* map.txt */; };
/* End PBXBuildFile section */

/* Begin PBXFileReference section */
		8304FC6C1519A92E008B2334 /* Food.h */ = {isa = PBXFileReference; fileEncoding = 4; lastKnownFileType = sourcecode.c.h; path = Food.h; sourceTree = "<group>"; };
		8304FC6D1519A92E008B2334 /* Food.m */ = {isa = PBXFileReference; fileEncoding = 4; lastKnownFileType = sourcecode.c.objc; path = Food.m; sourceTree = "<group>"; };
		8304FC6F1519A9A1008B2334 /* SnakeState.h */ = {isa = PBXFileReference; fileEncoding = 4; lastKnownFileType = sourcecode.c.h; path = SnakeState.h; sourceTree = "<group>"; };
		83B9EBB41518288B00718F02 /* Snake.app */ = {isa = PBXFileReference; explicitFileType = wrapper.application; includeInIndex = 0; path = Snake.app; sourceTree = BUILT_PRODUCTS_DIR; };
		83B9EBB81518288B00718F02 /* Cocoa.framework */ = {isa = PBXFileReference; lastKnownFileType = wrapper.framework; name = Cocoa.framework; path = System/Library/Frameworks/Cocoa.framework; sourceTree = SDKROOT; };
		83B9EBBB1518288B00718F02 /* AppKit.framework */ = {isa = PBXFileReference; lastKnownFileType = wrapper.framework; name = AppKit.framework; path = System/Library/Frameworks/AppKit.framework; sourceTree = SDKROOT; };
		83B9EBBC1518288B00718F02 /* CoreData.framework */ = {isa = PBXFileReference; lastKnownFileType = wrapper.framework; name = CoreData.framework; path = System/Library/Frameworks/CoreData.framework; sourceTree = SDKROOT; };
		83B9EBBD1518288B00718F02 /* Foundation.framework */ = {isa = PBXFileReference; lastKnownFileType = wrapper.framework; name = Foundation.framework; path = System/Library/Frameworks/Foundation.framework; sourceTree = SDKROOT; };
		83B9EBC01518288B00718F02 /* Snake-Info.plist */ = {isa = PBXFileReference; lastKnownFileType = text.plist.xml; path = "Snake-Info.plist"; sourceTree = "<group>"; };
		83B9EBC21518288B00718F02 /* en */ = {isa = PBXFileReference; lastKnownFileType = text.plist.strings; name = en; path = en.lproj/InfoPlist.strings; sourceTree = "<group>"; };
		83B9EBC41518288B00718F02 /* main.m */ = {isa = PBXFileReference; lastKnownFileType = sourcecode.c.objc; path = main.m; sourceTree = "<group>"; };
		83B9EBC61518288B00718F02 /* Snake-Prefix.pch */ = {isa = PBXFileReference; lastKnownFileType = sourcecode.c.h; path = "Snake-Prefix.pch"; sourceTree = "<group>"; };
		83B9EBC81518288B00718F02 /* en */ = {isa = PBXFileReference; lastKnownFileType = text.rtf; name = en; path = en.lproj/Credits.rtf; sourceTree = "<group>"; };
		83B9EBCA1518288B00718F02 /* AppDelegate.h */ = {isa = PBXFileReference; lastKnownFileType = sourcecode.c.h; path = AppDelegate.h; sourceTree = "<group>"; };
		83B9EBCB1518288B00718F02 /* AppDelegate.m */ = {isa = PBXFileReference; lastKnownFileType = sourcecode.c.objc; path = AppDelegate.m; sourceTree = "<group>"; };
		83B9EBCE1518288C00718F02 /* en */ = {isa = PBXFileReference; lastKnownFileType = file.xib; name = en; path = en.lproj/MainMenu.xib; sourceTree = "<group>"; };
		83B9EBD51518337700718F02 /* SnakeView.h */ = {isa = PBXFileReference; fileEncoding = 4; lastKnownFileType = sourcecode.c.h; path = SnakeView.h; sourceTree = "<group>"; };
		83B9EBD61518337700718F02 /* SnakeView.m */ = {isa = PBXFileReference; fileEncoding = 4; lastKnownFileType = sourcecode.c.objc; path = SnakeView.m; sourceTree = "<group>"; };
		83B9EBDC1518729A00718F02 /* Snake.h */ = {isa = PBXFileReference; fileEncoding = 4; lastKnownFileType = sourcecode.c.h; path = Snake.h; sourceTree = "<group>"; };
		83B9EBDD1518729A00718F02 /* Snake.m */ = {isa = PBXFileReference; fileEncoding = 4; lastKnownFileType = sourcecode.c.objc; path = Snake.m; sourceTree = "<group>"; };
		A96756C11519B88C000213D4 /* map.txt */ = {isa = PBXFileReference; fileEncoding = 4; lastKnownFileType = text; path = map.txt; sourceTree = "<group>"; };
/* End PBXFileReference section */

/* Begin PBXFrameworksBuildPhase section */
		83B9EBB11518288B00718F02 /* Frameworks */ = {
			isa = PBXFrameworksBuildPhase;
			buildActionMask = 2147483647;
			files = (
				83B9EBB91518288B00718F02 /* Cocoa.framework in Frameworks */,
			);
			runOnlyForDeploymentPostprocessing = 0;
		};
/* End PBXFrameworksBuildPhase section */

/* Begin PBXGroup section */
		83B9EBA91518288B00718F02 = {
			isa = PBXGroup;
			children = (
				83B9EBBE1518288B00718F02 /* Snake */,
				83B9EBB71518288B00718F02 /* Frameworks */,
				83B9EBB51518288B00718F02 /* Products */,
			);
			sourceTree = "<group>";
		};
		83B9EBB51518288B00718F02 /* Products */ = {
			isa = PBXGroup;
			children = (
				83B9EBB41518288B00718F02 /* Snake.app */,
			);
			name = Products;
			sourceTree = "<group>";
		};
		83B9EBB71518288B00718F02 /* Frameworks */ = {
			isa = PBXGroup;
			children = (
				83B9EBB81518288B00718F02 /* Cocoa.framework */,
				83B9EBBA1518288B00718F02 /* Other Frameworks */,
			);
			name = Frameworks;
			sourceTree = "<group>";
		};
		83B9EBBA1518288B00718F02 /* Other Frameworks */ = {
			isa = PBXGroup;
			children = (
				83B9EBBB1518288B00718F02 /* AppKit.framework */,
				83B9EBBC1518288B00718F02 /* CoreData.framework */,
				83B9EBBD1518288B00718F02 /* Foundation.framework */,
			);
			name = "Other Frameworks";
			sourceTree = "<group>";
		};
		83B9EBBE1518288B00718F02 /* Snake */ = {
			isa = PBXGroup;
			children = (
				83B9EBCA1518288B00718F02 /* AppDelegate.h */,
				83B9EBCB1518288B00718F02 /* AppDelegate.m */,
				83B9EBD51518337700718F02 /* SnakeView.h */,
				83B9EBD61518337700718F02 /* SnakeView.m */,
				8304FC6F1519A9A1008B2334 /* SnakeState.h */,
				83B9EBDC1518729A00718F02 /* Snake.h */,
				83B9EBDD1518729A00718F02 /* Snake.m */,
				8304FC6C1519A92E008B2334 /* Food.h */,
				8304FC6D1519A92E008B2334 /* Food.m */,
				83B9EBCD1518288C00718F02 /* MainMenu.xib */,
				A96756C11519B88C000213D4 /* map.txt */,
				83B9EBBF1518288B00718F02 /* Supporting Files */,
			);
			path = Snake;
			sourceTree = "<group>";
		};
		83B9EBBF1518288B00718F02 /* Supporting Files */ = {
			isa = PBXGroup;
			children = (
				83B9EBC01518288B00718F02 /* Snake-Info.plist */,
				83B9EBC11518288B00718F02 /* InfoPlist.strings */,
				83B9EBC41518288B00718F02 /* main.m */,
				83B9EBC61518288B00718F02 /* Snake-Prefix.pch */,
				83B9EBC71518288B00718F02 /* Credits.rtf */,
			);
			name = "Supporting Files";
			sourceTree = "<group>";
		};
/* End PBXGroup section */

/* Begin PBXNativeTarget section */
		83B9EBB31518288B00718F02 /* Snake */ = {
			isa = PBXNativeTarget;
			buildConfigurationList = 83B9EBD21518288C00718F02 /* Build configuration list for PBXNativeTarget "Snake" */;
			buildPhases = (
				83B9EBB01518288B00718F02 /* Sources */,
				83B9EBB11518288B00718F02 /* Frameworks */,
				83B9EBB21518288B00718F02 /* Resources */,
			);
			buildRules = (
			);
			dependencies = (
			);
			name = Snake;
			productName = Snake;
			productReference = 83B9EBB41518288B00718F02 /* Snake.app */;
			productType = "com.apple.product-type.application";
		};
/* End PBXNativeTarget section */

/* Begin PBXProject section */
		83B9EBAB1518288B00718F02 /* Project object */ = {
			isa = PBXProject;
			attributes = {
				LastUpgradeCheck = 0420;
			};
			buildConfigurationList = 83B9EBAE1518288B00718F02 /* Build configuration list for PBXProject "Snake" */;
			compatibilityVersion = "Xcode 3.2";
			developmentRegion = English;
			hasScannedForEncodings = 0;
			knownRegions = (
				en,
			);
			mainGroup = 83B9EBA91518288B00718F02;
			productRefGroup = 83B9EBB51518288B00718F02 /* Products */;
			projectDirPath = "";
			projectRoot = "";
			targets = (
				83B9EBB31518288B00718F02 /* Snake */,
			);
		};
/* End PBXProject section */

/* Begin PBXResourcesBuildPhase section */
		83B9EBB21518288B00718F02 /* Resources */ = {
			isa = PBXResourcesBuildPhase;
			buildActionMask = 2147483647;
			files = (
				83B9EBC31518288B00718F02 /* InfoPlist.strings in Resources */,
				83B9EBC91518288B00718F02 /* Credits.rtf in Resources */,
				83B9EBCF1518288C00718F02 /* MainMenu.xib in Resources */,
				A96756C21519B88C000213D4 /* map.txt in Resources */,
			);
			runOnlyForDeploymentPostprocessing = 0;
		};
/* End PBXResourcesBuildPhase section */

/* Begin PBXSourcesBuildPhase section */
		83B9EBB01518288B00718F02 /* Sources */ = {
			isa = PBXSourcesBuildPhase;
			buildActionMask = 2147483647;
			files = (
				83B9EBC51518288B00718F02 /* main.m in Sources */,
				83B9EBCC1518288B00718F02 /* AppDelegate.m in Sources */,
				83B9EBD71518337700718F02 /* SnakeView.m in Sources */,
				83B9EBDE1518729A00718F02 /* Snake.m in Sources */,
				8304FC6E1519A92F008B2334 /* Food.m in Sources */,
			);
			runOnlyForDeploymentPostprocessing = 0;
		};
/* End PBXSourcesBuildPhase section */

/* Begin PBXVariantGroup section */
		83B9EBC11518288B00718F02 /* InfoPlist.strings */ = {
			isa = PBXVariantGroup;
			children = (
				83B9EBC21518288B00718F02 /* en */,
			);
			name = InfoPlist.strings;
			sourceTree = "<group>";
		};
		83B9EBC71518288B00718F02 /* Credits.rtf */ = {
			isa = PBXVariantGroup;
			children = (
				83B9EBC81518288B00718F02 /* en */,
			);
			name = Credits.rtf;
			sourceTree = "<group>";
		};
		83B9EBCD1518288C00718F02 /* MainMenu.xib */ = {
			isa = PBXVariantGroup;
			children = (
				83B9EBCE1518288C00718F02 /* en */,
			);
			name = MainMenu.xib;
			sourceTree = "<group>";
		};
/* End PBXVariantGroup section */

/* Begin XCBuildConfiguration section */
		83B9EBD01518288C00718F02 /* Debug */ = {
			isa = XCBuildConfiguration;
			buildSettings = {
				ALWAYS_SEARCH_USER_PATHS = NO;
				ARCHS = "$(ARCHS_STANDARD_64_BIT)";
				COPY_PHASE_STRIP = NO;
				GCC_C_LANGUAGE_STANDARD = gnu99;
				GCC_DYNAMIC_NO_PIC = NO;
				GCC_ENABLE_OBJC_EXCEPTIONS = YES;
				GCC_OPTIMIZATION_LEVEL = 0;
				GCC_PREPROCESSOR_DEFINITIONS = (
					"DEBUG=1",
					"$(inherited)",
				);
				GCC_SYMBOLS_PRIVATE_EXTERN = NO;
				GCC_VERSION = com.apple.compilers.llvm.clang.1_0;
				GCC_WARN_64_TO_32_BIT_CONVERSION = YES;
				GCC_WARN_ABOUT_MISSING_PROTOTYPES = YES;
				GCC_WARN_ABOUT_RETURN_TYPE = YES;
				GCC_WARN_UNUSED_VARIABLE = YES;
				MACOSX_DEPLOYMENT_TARGET = 10.7;
				ONLY_ACTIVE_ARCH = YES;
				SDKROOT = macosx;
			};
			name = Debug;
		};
		83B9EBD11518288C00718F02 /* Release */ = {
			isa = XCBuildConfiguration;
			buildSettings = {
				ALWAYS_SEARCH_USER_PATHS = NO;
				ARCHS = "$(ARCHS_STANDARD_64_BIT)";
				COPY_PHASE_STRIP = YES;
				DEBUG_INFORMATION_FORMAT = "dwarf-with-dsym";
				GCC_C_LANGUAGE_STANDARD = gnu99;
				GCC_ENABLE_OBJC_EXCEPTIONS = YES;
				GCC_VERSION = com.apple.compilers.llvm.clang.1_0;
				GCC_WARN_64_TO_32_BIT_CONVERSION = YES;
				GCC_WARN_ABOUT_MISSING_PROTOTYPES = YES;
				GCC_WARN_ABOUT_RETURN_TYPE = YES;
				GCC_WARN_UNUSED_VARIABLE = YES;
				MACOSX_DEPLOYMENT_TARGET = 10.7;
				SDKROOT = macosx;
			};
			name = Release;
		};
		83B9EBD31518288C00718F02 /* Debug */ = {
			isa = XCBuildConfiguration;
			buildSettings = {
				GCC_PRECOMPILE_PREFIX_HEADER = YES;
				GCC_PREFIX_HEADER = "Snake/Snake-Prefix.pch";
				INFOPLIST_FILE = "Snake/Snake-Info.plist";
				MACOSX_DEPLOYMENT_TARGET = 10.6;
				PRODUCT_NAME = "$(TARGET_NAME)";
				WRAPPER_EXTENSION = app;
			};
			name = Debug;
		};
		83B9EBD41518288C00718F02 /* Release */ = {
			isa = XCBuildConfiguration;
			buildSettings = {
				GCC_PRECOMPILE_PREFIX_HEADER = YES;
				GCC_PREFIX_HEADER = "Snake/Snake-Prefix.pch";
				INFOPLIST_FILE = "Snake/Snake-Info.plist";
				MACOSX_DEPLOYMENT_TARGET = 10.6;
				PRODUCT_NAME = "$(TARGET_NAME)";
				WRAPPER_EXTENSION = app;
			};
			name = Release;
		};
/* End XCBuildConfiguration section */

/* Begin XCConfigurationList section */
		83B9EBAE1518288B00718F02 /* Build configuration list for PBXProject "Snake" */ = {
			isa = XCConfigurationList;
			buildConfigurations = (
				83B9EBD01518288C00718F02 /* Debug */,
				83B9EBD11518288C00718F02 /* Release */,
			);
			defaultConfigurationIsVisible = 0;
			defaultConfigurationName = Release;
		};
		83B9EBD21518288C00718F02 /* Build configuration list for PBXNativeTarget "Snake" */ = {
			isa = XCConfigurationList;
			buildConfigurations = (
				83B9EBD31518288C00718F02 /* Debug */,
				83B9EBD41518288C00718F02 /* Release */,
			);
			defaultConfigurationIsVisible = 0;
			defaultConfigurationName = Release;
		};
/* End XCConfigurationList section */
	};
	rootObject = 83B9EBAB1518288B00718F02 /* Project object */;
}
